PODS:
  - AFNetworking/NSURLSession (3.2.1):
    - AFNetworking/Reachability
    - AFNetworking/Security
    - AFNetworking/Serialization
  - AFNetworking/Reachability (3.2.1)
  - AFNetworking/Security (3.2.1)
  - AFNetworking/Serialization (3.2.1)
  - MJRefresh (3.5.0)
  - ReactiveObjC (3.1.1)
  - Realm (5.3.6):
    - Realm/Headers (= 5.3.6)
  - Realm/Headers (5.3.6)
  - SDWebImage (5.11.0):
    - SDWebImage/Core (= 5.11.0)
  - SDWebImage/Core (5.11.0)
  - TTGTagCollectionView (1.11.1)
  - YBPopupMenu (1.1.9)
  - YTKNetwork (2.1.4):
    - AFNetworking/NSURLSession (~> 3.0)

DEPENDENCIES:
  - AFNetworking/NSURLSession (~> 3.0)
  - AFNetworking/Reachability (~> 3.0)
  - AFNetworking/Security (~> 3.0)
  - AFNetworking/Serialization (~> 3.0)
  - MJRefresh
  - ReactiveObjC
  - Realm (~> 5.3.3)
  - SDWebImage (>= 5.0.0)
  - TTGTagCollectionView (= 1.11.1)
  - YBPopupMenu
  - YTKNetwork

SPEC REPOS:
  https://github.com/CocoaPods/Specs.git:
    - AFNetworking
    - MJRefresh
    - ReactiveObjC
    - Realm
    - SDWebImage
    - TTGTagCollectionView
    - YBPopupMenu
    - YTKNetwork

SPEC CHECKSUMS:
  AFNetworking: b6f891fdfaed196b46c7a83cf209e09697b94057
  MJRefresh: 6afc955813966afb08305477dd7a0d9ad5e79a16
  ReactiveObjC: 011caa393aa0383245f2dcf9bf02e86b80b36040
  Realm: cd400dd7e5b5bb5c8ae9842eecd73792369e6ec0
  SDWebImage: 7acbb57630ac7db4a495547fb73916ff3e432f6b
  TTGTagCollectionView: 86fcbfa6a7493c9e860b01c2e693cffc8acf6de1
  YBPopupMenu: 3a02e89860bb0568ba477aee609bc3f25e5bd339
  YTKNetwork: 19be749c30f0512ada07180f4637b4b67bc8ddc2

PODFILE CHECKSUM: 36e11ad08d03cdeaacee69e8d140b6553c20edcd

COCOAPODS: 1.11.3
