PODS:
  - AFNetworking/NSURLSession (3.2.1):
    - AFNetworking/Reachability
    - AFNetworking/Security
    - AFNetworking/Serialization
  - AFNetworking/Reachability (3.2.1)
  - AFNetworking/Security (3.2.1)
  - AFNetworking/Serialization (3.2.1)
  - Bugly (2.5.90)
  - DoraemonKit/Core (3.0.7):
    - FMDB
    - GCDWebServer
    - GCDWebServer/WebDAV
    - GCDWebServer/WebUploader
  - FMDB (2.7.5):
    - FMDB/standard (= 2.7.5)
  - FMDB/standard (2.7.5)
  - GCDWebServer (3.5.4):
    - GCDWebServer/Core (= 3.5.4)
  - GCDWebServer/Core (3.5.4)
  - GCDWebServer/WebDAV (3.5.4):
    - GCDWebServer/Core
  - GCDWebServer/WebUploader (3.5.4):
    - GCDWebServer/Core
  - IQKeyboardManager (6.5.6)
  - MBProgressHUD (1.1.0)
  - MJRefresh (3.5.0)
  - ReactiveObjC (3.1.1)
  - RTRootNavigationController (0.7.2):
    - RTRootNavigationController/Core (= 0.7.2)
  - RTRootNavigationController/Core (0.7.2)
  - SDWebImage (5.11.0):
    - SDWebImage/Core (= 5.11.0)
  - SDWebImage/Core (5.11.0)
  - TTGTagCollectionView (1.11.2)
  - TZImagePickerController (3.6.0)
  - WMPageController (2.5.2)
  - WZLBadge (1.2.6)
  - YBImageBrowser (3.0.9):
    - YBImageBrowser/Core (= 3.0.9)
  - YBImageBrowser/Core (3.0.9):
    - SDWebImage (>= 5.0.0)
    - YYImage
  - YBPopupMenu (1.1.9)
  - YTKNetwork (2.1.4):
    - AFNetworking/NSURLSession (~> 3.0)
  - YYCache (1.0.4)
  - YYCategories (1.0.4):
    - YYCategories/no-arc (= 1.0.4)
  - YYCategories/no-arc (1.0.4)
  - YYImage (1.0.4):
    - YYImage/Core (= 1.0.4)
  - YYImage/Core (1.0.4)
  - YYModel (1.0.4)
  - YYWebImage (1.0.5):
    - YYCache
    - YYImage
  - ZYCornerRadius (1.0.2)

DEPENDENCIES:
  - AFNetworking/NSURLSession (~> 3.0)
  - AFNetworking/Reachability (~> 3.0)
  - AFNetworking/Security (~> 3.0)
  - AFNetworking/Serialization (~> 3.0)
  - Bugly
  - DoraemonKit/Core (~> 3.0.4)
  - IQKeyboardManager
  - MBProgressHUD (~> 1.1.0)
  - MJRefresh
  - ReactiveObjC
  - RTRootNavigationController
  - SDWebImage (>= 5.0.0)
  - TTGTagCollectionView
  - TZImagePickerController
  - WMPageController
  - WZLBadge
  - YBImageBrowser
  - YBPopupMenu
  - YTKNetwork
  - YYCategories
  - YYModel
  - YYWebImage
  - ZYCornerRadius

SPEC REPOS:
  https://github.com/CocoaPods/Specs.git:
    - AFNetworking
    - Bugly
    - DoraemonKit
    - FMDB
    - GCDWebServer
    - IQKeyboardManager
    - MBProgressHUD
    - MJRefresh
    - ReactiveObjC
    - RTRootNavigationController
    - SDWebImage
    - TTGTagCollectionView
    - TZImagePickerController
    - WMPageController
    - WZLBadge
    - YBImageBrowser
    - YBPopupMenu
    - YTKNetwork
    - YYCache
    - YYCategories
    - YYImage
    - YYModel
    - YYWebImage
    - ZYCornerRadius

SPEC CHECKSUMS:
  AFNetworking: b6f891fdfaed196b46c7a83cf209e09697b94057
  Bugly: 88bc32c0acc6fef7b74d610f0319ee7560d6b9fe
  DoraemonKit: 32fb97f3aa82efa133111d193080ca5462cef135
  FMDB: 2ce00b547f966261cd18927a3ddb07cb6f3db82a
  GCDWebServer: 2c156a56c8226e2d5c0c3f208a3621ccffbe3ce4
  IQKeyboardManager: 2a6e97afdafc7becf0cb17a9a8d795e3a980717f
  MBProgressHUD: e7baa36a220447d8aeb12769bf0585582f3866d9
  MJRefresh: 6afc955813966afb08305477dd7a0d9ad5e79a16
  ReactiveObjC: 011caa393aa0383245f2dcf9bf02e86b80b36040
  RTRootNavigationController: 8344c2352d6d40fa370d0366efae2c84a945213f
  SDWebImage: 7acbb57630ac7db4a495547fb73916ff3e432f6b
  TTGTagCollectionView: 949030356ed27954f39dd29d78978c0f5c35a745
  TZImagePickerController: a37d7eec87c54436e896a67947033ad2178d498b
  WMPageController: 0c7624d2b48e4f1ab92371688cf6744ed701575d
  WZLBadge: 9ec779dcfd94c825518b395e8315fccaabff1bfa
  YBImageBrowser: 7ecc8bf33ffa5f3b94c397c29b4f3638dd37f527
  YBPopupMenu: 3a02e89860bb0568ba477aee609bc3f25e5bd339
  YTKNetwork: 19be749c30f0512ada07180f4637b4b67bc8ddc2
  YYCache: 8105b6638f5e849296c71f331ff83891a4942952
  YYCategories: 6bcd4314c6661a561410dce4a793379ebd306abd
  YYImage: 1e1b62a9997399593e4b9c4ecfbbabbf1d3f3b54
  YYModel: 2a7fdd96aaa4b86a824e26d0c517de8928c04b30
  YYWebImage: 5f7f36aee2ae293f016d418c7d6ba05c4863e928
  ZYCornerRadius: f0af817be7805b5c63d793042ca7a03f81e14069

PODFILE CHECKSUM: aef79c0efe09f59a6a823e22f7216d822c55f100

COCOAPODS: 1.10.1
